// !$*UTF8*$!
{
	archiveVersion = 1;
	classes = {
	};
	objectVersion = 55;
	objects = {

/* Begin PBXBuildFile section */
		F4A36AF42875E81B00EF6DE0 /* WeatherApp1App.swift in Sources */ = {isa = PBXBuildFile; fileRef = F4A36AF32875E81B00EF6DE0 /* WeatherApp1App.swift */; };
		F4A36AF62875E81B00EF6DE0 /* MainHomeView.swift in Sources */ = {isa = PBXBuildFile; fileRef = F4A36AF52875E81B00EF6DE0 /* MainHomeView.swift */; };
		F4A36AF82875E81E00EF6DE0 /* Assets.xcassets in Resources */ = {isa = PBXBuildFile; fileRef = F4A36AF72875E81E00EF6DE0 /* Assets.xcassets */; };
		F4A36AFB2875E81E00EF6DE0 /* Preview Assets.xcassets in Resources */ = {isa = PBXBuildFile; fileRef = F4A36AFA2875E81E00EF6DE0 /* Preview Assets.xcassets */; };
		F4A36B052875E81E00EF6DE0 /* WeatherApp1Tests.swift in Sources */ = {isa = PBXBuildFile; fileRef = F4A36B042875E81E00EF6DE0 /* WeatherApp1Tests.swift */; };
		F4A36B0F2875E81E00EF6DE0 /* WeatherApp1UITests.swift in Sources */ = {isa = PBXBuildFile; fileRef = F4A36B0E2875E81E00EF6DE0 /* WeatherApp1UITests.swift */; };
		F4A36B112875E81E00EF6DE0 /* WeatherApp1UITestsLaunchTests.swift in Sources */ = {isa = PBXBuildFile; fileRef = F4A36B102875E81E00EF6DE0 /* WeatherApp1UITestsLaunchTests.swift */; };
		F4A36B1E2875E88600EF6DE0 /* NetworkClient.swift in Sources */ = {isa = PBXBuildFile; fileRef = F4A36B1D2875E88600EF6DE0 /* NetworkClient.swift */; };
		F4A36B202875EA6200EF6DE0 /* WeatherModel.swift in Sources */ = {isa = PBXBuildFile; fileRef = F4A36B1F2875EA6200EF6DE0 /* WeatherModel.swift */; };
		F4A36B222875EAAC00EF6DE0 /* MainViewModel.swift in Sources */ = {isa = PBXBuildFile; fileRef = F4A36B212875EAAC00EF6DE0 /* MainViewModel.swift */; };
		F4A36B272879EDD900EF6DE0 /* LocationViewModel.swift in Sources */ = {isa = PBXBuildFile; fileRef = F4A36B262879EDD900EF6DE0 /* LocationViewModel.swift */; };
		F4A36B29287C8BB400EF6DE0 /* UIConstants.swift in Sources */ = {isa = PBXBuildFile; fileRef = F4A36B28287C8BB400EF6DE0 /* UIConstants.swift */; };
/* End PBXBuildFile section */

/* Begin PBXContainerItemProxy section */
		F4A36B012875E81E00EF6DE0 /* PBXContainerItemProxy */ = {
			isa = PBXContainerItemProxy;
			containerPortal = F4A36AE82875E81B00EF6DE0 /* Project object */;
			proxyType = 1;
			remoteGlobalIDString = F4A36AEF2875E81B00EF6DE0;
			remoteInfo = WeatherApp1;
		};
		F4A36B0B2875E81E00EF6DE0 /* PBXContainerItemProxy */ = {
			isa = PBXContainerItemProxy;
			containerPortal = F4A36AE82875E81B00EF6DE0 /* Project object */;
			proxyType = 1;
			remoteGlobalIDString = F4A36AEF2875E81B00EF6DE0;
			remoteInfo = WeatherApp1;
		};
/* End PBXContainerItemProxy section */

/* Begin PBXFileReference section */
		F4A36AF02875E81B00EF6DE0 /* WeatherApp1.app */ = {isa = PBXFileReference; explicitFileType = wrapper.application; includeInIndex = 0; path = WeatherApp1.app; sourceTree = BUILT_PRODUCTS_DIR; };
		F4A36AF32875E81B00EF6DE0 /* WeatherApp1App.swift */ = {isa = PBXFileReference; lastKnownFileType = sourcecode.swift; path = WeatherApp1App.swift; sourceTree = "<group>"; };
		F4A36AF52875E81B00EF6DE0 /* MainHomeView.swift */ = {isa = PBXFileReference; lastKnownFileType = sourcecode.swift; path = MainHomeView.swift; sourceTree = "<group>"; };
		F4A36AF72875E81E00EF6DE0 /* Assets.xcassets */ = {isa = PBXFileReference; lastKnownFileType = folder.assetcatalog; path = Assets.xcassets; sourceTree = "<group>"; };
		F4A36AFA2875E81E00EF6DE0 /* Preview Assets.xcassets */ = {isa = PBXFileReference; lastKnownFileType = folder.assetcatalog; path = "Preview Assets.xcassets"; sourceTree = "<group>"; };
		F4A36B002875E81E00EF6DE0 /* WeatherApp1Tests.xctest */ = {isa = PBXFileReference; explicitFileType = wrapper.cfbundle; includeInIndex = 0; path = WeatherApp1Tests.xctest; sourceTree = BUILT_PRODUCTS_DIR; };
		F4A36B042875E81E00EF6DE0 /* WeatherApp1Tests.swift */ = {isa = PBXFileReference; lastKnownFileType = sourcecode.swift; path = WeatherApp1Tests.swift; sourceTree = "<group>"; };
		F4A36B0A2875E81E00EF6DE0 /* WeatherApp1UITests.xctest */ = {isa = PBXFileReference; explicitFileType = wrapper.cfbundle; includeInIndex = 0; path = WeatherApp1UITests.xctest; sourceTree = BUILT_PRODUCTS_DIR; };
		F4A36B0E2875E81E00EF6DE0 /* WeatherApp1UITests.swift */ = {isa = PBXFileReference; lastKnownFileType = sourcecode.swift; path = WeatherApp1UITests.swift; sourceTree = "<group>"; };
		F4A36B102875E81E00EF6DE0 /* WeatherApp1UITestsLaunchTests.swift */ = {isa = PBXFileReference; lastKnownFileType = sourcecode.swift; path = WeatherApp1UITestsLaunchTests.swift; sourceTree = "<group>"; };
		F4A36B1D2875E88600EF6DE0 /* NetworkClient.swift */ = {isa = PBXFileReference; lastKnownFileType = sourcecode.swift; path = NetworkClient.swift; sourceTree = "<group>"; };
		F4A36B1F2875EA6200EF6DE0 /* WeatherModel.swift */ = {isa = PBXFileReference; lastKnownFileType = sourcecode.swift; path = WeatherModel.swift; sourceTree = "<group>"; };
		F4A36B212875EAAC00EF6DE0 /* MainViewModel.swift */ = {isa = PBXFileReference; lastKnownFileType = sourcecode.swift; path = MainViewModel.swift; sourceTree = "<group>"; };
		F4A36B262879EDD900EF6DE0 /* LocationViewModel.swift */ = {isa = PBXFileReference; lastKnownFileType = sourcecode.swift; path = LocationViewModel.swift; sourceTree = "<group>"; };
		F4A36B28287C8BB400EF6DE0 /* UIConstants.swift */ = {isa = PBXFileReference; lastKnownFileType = sourcecode.swift; path = UIConstants.swift; sourceTree = "<group>"; };
/* End PBXFileReference section */

/* Begin PBXFrameworksBuildPhase section */
		F4A36AED2875E81B00EF6DE0 /* Frameworks */ = {
			isa = PBXFrameworksBuildPhase;
			buildActionMask = 2147483647;
			files = (
			);
			runOnlyForDeploymentPostprocessing = 0;
		};
		F4A36AFD2875E81E00EF6DE0 /* Frameworks */ = {
			isa = PBXFrameworksBuildPhase;
			buildActionMask = 2147483647;
			files = (
			);
			runOnlyForDeploymentPostprocessing = 0;
		};
		F4A36B072875E81E00EF6DE0 /* Frameworks */ = {
			isa = PBXFrameworksBuildPhase;
			buildActionMask = 2147483647;
			files = (
			);
			runOnlyForDeploymentPostprocessing = 0;
		};
/* End PBXFrameworksBuildPhase section */

/* Begin PBXGroup section */
		F4A36AE72875E81B00EF6DE0 = {
			isa = PBXGroup;
			children = (
				F4A36AF22875E81B00EF6DE0 /* WeatherApp1 */,
				F4A36B032875E81E00EF6DE0 /* WeatherApp1Tests */,
				F4A36B0D2875E81E00EF6DE0 /* WeatherApp1UITests */,
				F4A36AF12875E81B00EF6DE0 /* Products */,
			);
			sourceTree = "<group>";
		};
		F4A36AF12875E81B00EF6DE0 /* Products */ = {
			isa = PBXGroup;
			children = (
				F4A36AF02875E81B00EF6DE0 /* WeatherApp1.app */,
				F4A36B002875E81E00EF6DE0 /* WeatherApp1Tests.xctest */,
				F4A36B0A2875E81E00EF6DE0 /* WeatherApp1UITests.xctest */,
			);
			name = Products;
			sourceTree = "<group>";
		};
		F4A36AF22875E81B00EF6DE0 /* WeatherApp1 */ = {
			isa = PBXGroup;
			children = (
				F4A36B25287735ED00EF6DE0 /* View */,
				F4A36B24287735E600EF6DE0 /* ViewModel */,
				F4A36B23287735DB00EF6DE0 /* Model */,
				F4A36AF32875E81B00EF6DE0 /* WeatherApp1App.swift */,
				F4A36AF72875E81E00EF6DE0 /* Assets.xcassets */,
				F4A36AF92875E81E00EF6DE0 /* Preview Content */,
				F4A36B1D2875E88600EF6DE0 /* NetworkClient.swift */,
				F4A36B28287C8BB400EF6DE0 /* UIConstants.swift */,
			);
			path = WeatherApp1;
			sourceTree = "<group>";
		};
		F4A36AF92875E81E00EF6DE0 /* Preview Content */ = {
			isa = PBXGroup;
			children = (
				F4A36AFA2875E81E00EF6DE0 /* Preview Assets.xcassets */,
			);
			path = "Preview Content";
			sourceTree = "<group>";
		};
		F4A36B032875E81E00EF6DE0 /* WeatherApp1Tests */ = {
			isa = PBXGroup;
			children = (
				F4A36B042875E81E00EF6DE0 /* WeatherApp1Tests.swift */,
			);
			path = WeatherApp1Tests;
			sourceTree = "<group>";
		};
		F4A36B0D2875E81E00EF6DE0 /* WeatherApp1UITests */ = {
			isa = PBXGroup;
			children = (
				F4A36B0E2875E81E00EF6DE0 /* WeatherApp1UITests.swift */,
				F4A36B102875E81E00EF6DE0 /* WeatherApp1UITestsLaunchTests.swift */,
			);
			path = WeatherApp1UITests;
			sourceTree = "<group>";
		};
		F4A36B23287735DB00EF6DE0 /* Model */ = {
			isa = PBXGroup;
			children = (
				F4A36B1F2875EA6200EF6DE0 /* WeatherModel.swift */,
			);
			path = Model;
			sourceTree = "<group>";
		};
		F4A36B24287735E600EF6DE0 /* ViewModel */ = {
			isa = PBXGroup;
			children = (
				F4A36B212875EAAC00EF6DE0 /* MainViewModel.swift */,
				F4A36B262879EDD900EF6DE0 /* LocationViewModel.swift */,
			);
			path = ViewModel;
			sourceTree = "<group>";
		};
		F4A36B25287735ED00EF6DE0 /* View */ = {
			isa = PBXGroup;
			children = (
				F4A36AF52875E81B00EF6DE0 /* MainHomeView.swift */,
			);
			path = View;
			sourceTree = "<group>";
		};
/* End PBXGroup section */

/* Begin PBXNativeTarget section */
		F4A36AEF2875E81B00EF6DE0 /* WeatherApp1 */ = {
			isa = PBXNativeTarget;
			buildConfigurationList = F4A36B142875E81E00EF6DE0 /* Build configuration list for PBXNativeTarget "WeatherApp1" */;
			buildPhases = (
				F4A36AEC2875E81B00EF6DE0 /* Sources */,
				F4A36AED2875E81B00EF6DE0 /* Frameworks */,
				F4A36AEE2875E81B00EF6DE0 /* Resources */,
			);
			buildRules = (
			);
			dependencies = (
			);
			name = WeatherApp1;
			productName = WeatherApp1;
			productReference = F4A36AF02875E81B00EF6DE0 /* WeatherApp1.app */;
			productType = "com.apple.product-type.application";
		};
		F4A36AFF2875E81E00EF6DE0 /* WeatherApp1Tests */ = {
			isa = PBXNativeTarget;
			buildConfigurationList = F4A36B172875E81E00EF6DE0 /* Build configuration list for PBXNativeTarget "WeatherApp1Tests" */;
			buildPhases = (
				F4A36AFC2875E81E00EF6DE0 /* Sources */,
				F4A36AFD2875E81E00EF6DE0 /* Frameworks */,
				F4A36AFE2875E81E00EF6DE0 /* Resources */,
			);
			buildRules = (
			);
			dependencies = (
				F4A36B022875E81E00EF6DE0 /* PBXTargetDependency */,
			);
			name = WeatherApp1Tests;
			productName = WeatherApp1Tests;
			productReference = F4A36B002875E81E00EF6DE0 /* WeatherApp1Tests.xctest */;
			productType = "com.apple.product-type.bundle.unit-test";
		};
		F4A36B092875E81E00EF6DE0 /* WeatherApp1UITests */ = {
			isa = PBXNativeTarget;
			buildConfigurationList = F4A36B1A2875E81E00EF6DE0 /* Build configuration list for PBXNativeTarget "WeatherApp1UITests" */;
			buildPhases = (
				F4A36B062875E81E00EF6DE0 /* Sources */,
				F4A36B072875E81E00EF6DE0 /* Frameworks */,
				F4A36B082875E81E00EF6DE0 /* Resources */,
			);
			buildRules = (
			);
			dependencies = (
				F4A36B0C2875E81E00EF6DE0 /* PBXTargetDependency */,
			);
			name = WeatherApp1UITests;
			productName = WeatherApp1UITests;
			productReference = F4A36B0A2875E81E00EF6DE0 /* WeatherApp1UITests.xctest */;
			productType = "com.apple.product-type.bundle.ui-testing";
		};
/* End PBXNativeTarget section */

/* Begin PBXProject section */
		F4A36AE82875E81B00EF6DE0 /* Project object */ = {
			isa = PBXProject;
			attributes = {
				BuildIndependentTargetsInParallel = 1;
				LastSwiftUpdateCheck = 1340;
				LastUpgradeCheck = 1340;
				TargetAttributes = {
					F4A36AEF2875E81B00EF6DE0 = {
						CreatedOnToolsVersion = 13.4.1;
					};
					F4A36AFF2875E81E00EF6DE0 = {
						CreatedOnToolsVersion = 13.4.1;
						TestTargetID = F4A36AEF2875E81B00EF6DE0;
					};
					F4A36B092875E81E00EF6DE0 = {
						CreatedOnToolsVersion = 13.4.1;
						TestTargetID = F4A36AEF2875E81B00EF6DE0;
					};
				};
			};
			buildConfigurationList = F4A36AEB2875E81B00EF6DE0 /* Build configuration list for PBXProject "WeatherApp1" */;
			compatibilityVersion = "Xcode 13.0";
			developmentRegion = en;
			hasScannedForEncodings = 0;
			knownRegions = (
				en,
				Base,
			);
			mainGroup = F4A36AE72875E81B00EF6DE0;
			productRefGroup = F4A36AF12875E81B00EF6DE0 /* Products */;
			projectDirPath = "";
			projectRoot = "";
			targets = (
				F4A36AEF2875E81B00EF6DE0 /* WeatherApp1 */,
				F4A36AFF2875E81E00EF6DE0 /* WeatherApp1Tests */,
				F4A36B092875E81E00EF6DE0 /* WeatherApp1UITests */,
			);
		};
/* End PBXProject section */

/* Begin PBXResourcesBuildPhase section */
		F4A36AEE2875E81B00EF6DE0 /* Resources */ = {
			isa = PBXResourcesBuildPhase;
			buildActionMask = 2147483647;
			files = (
				F4A36AFB2875E81E00EF6DE0 /* Preview Assets.xcassets in Resources */,
				F4A36AF82875E81E00EF6DE0 /* Assets.xcassets in Resources */,
			);
			runOnlyForDeploymentPostprocessing = 0;
		};
		F4A36AFE2875E81E00EF6DE0 /* Resources */ = {
			isa = PBXResourcesBuildPhase;
			buildActionMask = 2147483647;
			files = (
			);
			runOnlyForDeploymentPostprocessing = 0;
		};
		F4A36B082875E81E00EF6DE0 /* Resources */ = {
			isa = PBXResourcesBuildPhase;
			buildActionMask = 2147483647;
			files = (
			);
			runOnlyForDeploymentPostprocessing = 0;
		};
/* End PBXResourcesBuildPhase section */

/* Begin PBXSourcesBuildPhase section */
		F4A36AEC2875E81B00EF6DE0 /* Sources */ = {
			isa = PBXSourcesBuildPhase;
			buildActionMask = 2147483647;
			files = (
				F4A36B222875EAAC00EF6DE0 /* MainViewModel.swift in Sources */,
				F4A36B272879EDD900EF6DE0 /* LocationViewModel.swift in Sources */,
				F4A36AF62875E81B00EF6DE0 /* MainHomeView.swift in Sources */,
				F4A36B29287C8BB400EF6DE0 /* UIConstants.swift in Sources */,
				F4A36AF42875E81B00EF6DE0 /* WeatherApp1App.swift in Sources */,
				F4A36B202875EA6200EF6DE0 /* WeatherModel.swift in Sources */,
				F4A36B1E2875E88600EF6DE0 /* NetworkClient.swift in Sources */,
			);
			runOnlyForDeploymentPostprocessing = 0;
		};
		F4A36AFC2875E81E00EF6DE0 /* Sources */ = {
			isa = PBXSourcesBuildPhase;
			buildActionMask = 2147483647;
			files = (
				F4A36B052875E81E00EF6DE0 /* WeatherApp1Tests.swift in Sources */,
			);
			runOnlyForDeploymentPostprocessing = 0;
		};
		F4A36B062875E81E00EF6DE0 /* Sources */ = {
			isa = PBXSourcesBuildPhase;
			buildActionMask = 2147483647;
			files = (
				F4A36B0F2875E81E00EF6DE0 /* WeatherApp1UITests.swift in Sources */,
				F4A36B112875E81E00EF6DE0 /* WeatherApp1UITestsLaunchTests.swift in Sources */,
			);
			runOnlyForDeploymentPostprocessing = 0;
		};
/* End PBXSourcesBuildPhase section */

/* Begin PBXTargetDependency section */
		F4A36B022875E81E00EF6DE0 /* PBXTargetDependency */ = {
			isa = PBXTargetDependency;
			target = F4A36AEF2875E81B00EF6DE0 /* WeatherApp1 */;
			targetProxy = F4A36B012875E81E00EF6DE0 /* PBXContainerItemProxy */;
		};
		F4A36B0C2875E81E00EF6DE0 /* PBXTargetDependency */ = {
			isa = PBXTargetDependency;
			target = F4A36AEF2875E81B00EF6DE0 /* WeatherApp1 */;
			targetProxy = F4A36B0B2875E81E00EF6DE0 /* PBXContainerItemProxy */;
		};
/* End PBXTargetDependency section */

/* Begin XCBuildConfiguration section */
		F4A36B122875E81E00EF6DE0 /* Debug */ = {
			isa = XCBuildConfiguration;
			buildSettings = {
				ALWAYS_SEARCH_USER_PATHS = NO;
				CLANG_ANALYZER_NONNULL = YES;
				CLANG_ANALYZER_NUMBER_OBJECT_CONVERSION = YES_AGGRESSIVE;
				CLANG_CXX_LANGUAGE_STANDARD = "gnu++17";
				CLANG_ENABLE_MODULES = YES;
				CLANG_ENABLE_OBJC_ARC = YES;
				CLANG_ENABLE_OBJC_WEAK = YES;
				CLANG_WARN_BLOCK_CAPTURE_AUTORELEASING = YES;
				CLANG_WARN_BOOL_CONVERSION = YES;
				CLANG_WARN_COMMA = YES;
				CLANG_WARN_CONSTANT_CONVERSION = YES;
				CLANG_WARN_DEPRECATED_OBJC_IMPLEMENTATIONS = YES;
				CLANG_WARN_DIRECT_OBJC_ISA_USAGE = YES_ERROR;
				CLANG_WARN_DOCUMENTATION_COMMENTS = YES;
				CLANG_WARN_EMPTY_BODY = YES;
				CLANG_WARN_ENUM_CONVERSION = YES;
				CLANG_WARN_INFINITE_RECURSION = YES;
				CLANG_WARN_INT_CONVERSION = YES;
				CLANG_WARN_NON_LITERAL_NULL_CONVERSION = YES;
				CLANG_WARN_OBJC_IMPLICIT_RETAIN_SELF = YES;
				CLANG_WARN_OBJC_LITERAL_CONVERSION = YES;
				CLANG_WARN_OBJC_ROOT_CLASS = YES_ERROR;
				CLANG_WARN_QUOTED_INCLUDE_IN_FRAMEWORK_HEADER = YES;
				CLANG_WARN_RANGE_LOOP_ANALYSIS = YES;
				CLANG_WARN_STRICT_PROTOTYPES = YES;
				CLANG_WARN_SUSPICIOUS_MOVE = YES;
				CLANG_WARN_UNGUARDED_AVAILABILITY = YES_AGGRESSIVE;
				CLANG_WARN_UNREACHABLE_CODE = YES;
				CLANG_WARN__DUPLICATE_METHOD_MATCH = YES;
				COPY_PHASE_STRIP = NO;
				DEBUG_INFORMATION_FORMAT = dwarf;
				ENABLE_STRICT_OBJC_MSGSEND = YES;
				ENABLE_TESTABILITY = YES;
				GCC_C_LANGUAGE_STANDARD = gnu11;
				GCC_DYNAMIC_NO_PIC = NO;
				GCC_NO_COMMON_BLOCKS = YES;
				GCC_OPTIMIZATION_LEVEL = 0;
				GCC_PREPROCESSOR_DEFINITIONS = (
					"DEBUG=1",
					"$(inherited)",
				);
				GCC_WARN_64_TO_32_BIT_CONVERSION = YES;
				GCC_WARN_ABOUT_RETURN_TYPE = YES_ERROR;
				GCC_WARN_UNDECLARED_SELECTOR = YES;
				GCC_WARN_UNINITIALIZED_AUTOS = YES_AGGRESSIVE;
				GCC_WARN_UNUSED_FUNCTION = YES;
				GCC_WARN_UNUSED_VARIABLE = YES;
				IPHONEOS_DEPLOYMENT_TARGET = 15.5;
				MTL_ENABLE_DEBUG_INFO = INCLUDE_SOURCE;
				MTL_FAST_MATH = YES;
				ONLY_ACTIVE_ARCH = YES;
				SDKROOT = iphoneos;
				SWIFT_ACTIVE_COMPILATION_CONDITIONS = DEBUG;
				SWIFT_OPTIMIZATION_LEVEL = "-Onone";
			};
			name = Debug;
		};
		F4A36B132875E81E00EF6DE0 /* Release */ = {
			isa = XCBuildConfiguration;
			buildSettings = {
				ALWAYS_SEARCH_USER_PATHS = NO;
				CLANG_ANALYZER_NONNULL = YES;
				CLANG_ANALYZER_NUMBER_OBJECT_CONVERSION = YES_AGGRESSIVE;
				CLANG_CXX_LANGUAGE_STANDARD = "gnu++17";
				CLANG_ENABLE_MODULES = YES;
				CLANG_ENABLE_OBJC_ARC = YES;
				CLANG_ENABLE_OBJC_WEAK = YES;
				CLANG_WARN_BLOCK_CAPTURE_AUTORELEASING = YES;
				CLANG_WARN_BOOL_CONVERSION = YES;
				CLANG_WARN_COMMA = YES;
				CLANG_WARN_CONSTANT_CONVERSION = YES;
				CLANG_WARN_DEPRECATED_OBJC_IMPLEMENTATIONS = YES;
				CLANG_WARN_DIRECT_OBJC_ISA_USAGE = YES_ERROR;
				CLANG_WARN_DOCUMENTATION_COMMENTS = YES;
				CLANG_WARN_EMPTY_BODY = YES;
				CLANG_WARN_ENUM_CONVERSION = YES;
				CLANG_WARN_INFINITE_RECURSION = YES;
				CLANG_WARN_INT_CONVERSION = YES;
				CLANG_WARN_NON_LITERAL_NULL_CONVERSION = YES;
				CLANG_WARN_OBJC_IMPLICIT_RETAIN_SELF = YES;
				CLANG_WARN_OBJC_LITERAL_CONVERSION = YES;
				CLANG_WARN_OBJC_ROOT_CLASS = YES_ERROR;
				CLANG_WARN_QUOTED_INCLUDE_IN_FRAMEWORK_HEADER = YES;
				CLANG_WARN_RANGE_LOOP_ANALYSIS = YES;
				CLANG_WARN_STRICT_PROTOTYPES = YES;
				CLANG_WARN_SUSPICIOUS_MOVE = YES;
				CLANG_WARN_UNGUARDED_AVAILABILITY = YES_AGGRESSIVE;
				CLANG_WARN_UNREACHABLE_CODE = YES;
				CLANG_WARN__DUPLICATE_METHOD_MATCH = YES;
				COPY_PHASE_STRIP = NO;
				DEBUG_INFORMATION_FORMAT = "dwarf-with-dsym";
				ENABLE_NS_ASSERTIONS = NO;
				ENABLE_STRICT_OBJC_MSGSEND = YES;
				GCC_C_LANGUAGE_STANDARD = gnu11;
				GCC_NO_COMMON_BLOCKS = YES;
				GCC_WARN_64_TO_32_BIT_CONVERSION = YES;
				GCC_WARN_ABOUT_RETURN_TYPE = YES_ERROR;
				GCC_WARN_UNDECLARED_SELECTOR = YES;
				GCC_WARN_UNINITIALIZED_AUTOS = YES_AGGRESSIVE;
				GCC_WARN_UNUSED_FUNCTION = YES;
				GCC_WARN_UNUSED_VARIABLE = YES;
				IPHONEOS_DEPLOYMENT_TARGET = 15.5;
				MTL_ENABLE_DEBUG_INFO = NO;
				MTL_FAST_MATH = YES;
				SDKROOT = iphoneos;
				SWIFT_COMPILATION_MODE = wholemodule;
				SWIFT_OPTIMIZATION_LEVEL = "-O";
				VALIDATE_PRODUCT = YES;
			};
			name = Release;
		};
		F4A36B152875E81E00EF6DE0 /* Debug */ = {
			isa = XCBuildConfiguration;
			buildSettings = {
				ASSETCATALOG_COMPILER_APPICON_NAME = AppIcon;
				ASSETCATALOG_COMPILER_GLOBAL_ACCENT_COLOR_NAME = AccentColor;
				CODE_SIGN_STYLE = Automatic;
				CURRENT_PROJECT_VERSION = 1;
				DEVELOPMENT_ASSET_PATHS = "\"WeatherApp1/Preview Content\"";
				DEVELOPMENT_TEAM = 2779EQ3QB6;
				ENABLE_PREVIEWS = YES;
				GENERATE_INFOPLIST_FILE = YES;
				INFOPLIST_KEY_LSApplicationCategoryType = "";
				INFOPLIST_KEY_NSLocationAlwaysAndWhenInUseUsageDescription = "Weatherapp needs your location to determine weather in your area.";
				INFOPLIST_KEY_NSLocationWhenInUseUsageDescription = "Weatherapp needs your location to determine weather in your area.";
				INFOPLIST_KEY_UIApplicationSceneManifest_Generation = YES;
				INFOPLIST_KEY_UIApplicationSupportsIndirectInputEvents = YES;
				INFOPLIST_KEY_UILaunchScreen_Generation = YES;
				INFOPLIST_KEY_UISupportedInterfaceOrientations_iPad = "UIInterfaceOrientationPortrait UIInterfaceOrientationPortraitUpsideDown UIInterfaceOrientationLandscapeLeft UIInterfaceOrientationLandscapeRight";
				INFOPLIST_KEY_UISupportedInterfaceOrientations_iPhone = "UIInterfaceOrientationPortrait UIInterfaceOrientationLandscapeLeft UIInterfaceOrientationLandscapeRight";
				LD_RUNPATH_SEARCH_PATHS = (
					"$(inherited)",
					"@executable_path/Frameworks",
				);
				MARKETING_VERSION = 1.0;
				PRODUCT_BUNDLE_IDENTIFIER = com.colinsmith.WeatherApp1;
				PRODUCT_NAME = "$(TARGET_NAME)";
				SWIFT_EMIT_LOC_STRINGS = YES;
				SWIFT_VERSION = 5.0;
				TARGETED_DEVICE_FAMILY = "1,2";
			};
			name = Debug;
		};
		F4A36B162875E81E00EF6DE0 /* Release */ = {
			isa = XCBuildConfiguration;
			buildSettings = {
				ASSETCATALOG_COMPILER_APPICON_NAME = AppIcon;
				ASSETCATALOG_COMPILER_GLOBAL_ACCENT_COLOR_NAME = AccentColor;
				CODE_SIGN_STYLE = Automatic;
				CURRENT_PROJECT_VERSION = 1;
				DEVELOPMENT_ASSET_PATHS = "\"WeatherApp1/Preview Content\"";
				DEVELOPMENT_TEAM = 2779EQ3QB6;
				ENABLE_PREVIEWS = YES;
				GENERATE_INFOPLIST_FILE = YES;
				INFOPLIST_KEY_LSApplicationCategoryType = "";
				INFOPLIST_KEY_NSLocationAlwaysAndWhenInUseUsageDescription = "Weatherapp needs your location to determine weather in your area.";
				INFOPLIST_KEY_NSLocationWhenInUseUsageDescription = "Weatherapp needs your location to determine weather in your area.";
				INFOPLIST_KEY_UIApplicationSceneManifest_Generation = YES;
				INFOPLIST_KEY_UIApplicationSupportsIndirectInputEvents = YES;
				INFOPLIST_KEY_UILaunchScreen_Generation = YES;
				INFOPLIST_KEY_UISupportedInterfaceOrientations_iPad = "UIInterfaceOrientationPortrait UIInterfaceOrientationPortraitUpsideDown UIInterfaceOrientationLandscapeLeft UIInterfaceOrientationLandscapeRight";
				INFOPLIST_KEY_UISupportedInterfaceOrientations_iPhone = "UIInterfaceOrientationPortrait UIInterfaceOrientationLandscapeLeft UIInterfaceOrientationLandscapeRight";
				LD_RUNPATH_SEARCH_PATHS = (
					"$(inherited)",
					"@executable_path/Frameworks",
				);
				MARKETING_VERSION = 1.0;
				PRODUCT_BUNDLE_IDENTIFIER = com.colinsmith.WeatherApp1;
				PRODUCT_NAME = "$(TARGET_NAME)";
				SWIFT_EMIT_LOC_STRINGS = YES;
				SWIFT_VERSION = 5.0;
				TARGETED_DEVICE_FAMILY = "1,2";
			};
			name = Release;
		};
		F4A36B182875E81E00EF6DE0 /* Debug */ = {
			isa = XCBuildConfiguration;
			buildSettings = {
				ALWAYS_EMBED_SWIFT_STANDARD_LIBRARIES = YES;
				BUNDLE_LOADER = "$(TEST_HOST)";
				CODE_SIGN_STYLE = Automatic;
				CURRENT_PROJECT_VERSION = 1;
				DEVELOPMENT_TEAM = 2779EQ3QB6;
				GENERATE_INFOPLIST_FILE = YES;
				IPHONEOS_DEPLOYMENT_TARGET = 15.5;
				MARKETING_VERSION = 1.0;
				PRODUCT_BUNDLE_IDENTIFIER = com.colinsmith.WeatherApp1Tests;
				PRODUCT_NAME = "$(TARGET_NAME)";
				SWIFT_EMIT_LOC_STRINGS = NO;
				SWIFT_VERSION = 5.0;
				TARGETED_DEVICE_FAMILY = "1,2";
				TEST_HOST = "$(BUILT_PRODUCTS_DIR)/WeatherApp1.app/WeatherApp1";
			};
			name = Debug;
		};
		F4A36B192875E81E00EF6DE0 /* Release */ = {
			isa = XCBuildConfiguration;
			buildSettings = {
				ALWAYS_EMBED_SWIFT_STANDARD_LIBRARIES = YES;
				BUNDLE_LOADER = "$(TEST_HOST)";
				CODE_SIGN_STYLE = Automatic;
				CURRENT_PROJECT_VERSION = 1;
				DEVELOPMENT_TEAM = 2779EQ3QB6;
				GENERATE_INFOPLIST_FILE = YES;
				IPHONEOS_DEPLOYMENT_TARGET = 15.5;
				MARKETING_VERSION = 1.0;
				PRODUCT_BUNDLE_IDENTIFIER = com.colinsmith.WeatherApp1Tests;
				PRODUCT_NAME = "$(TARGET_NAME)";
				SWIFT_EMIT_LOC_STRINGS = NO;
				SWIFT_VERSION = 5.0;
				TARGETED_DEVICE_FAMILY = "1,2";
				TEST_HOST = "$(BUILT_PRODUCTS_DIR)/WeatherApp1.app/WeatherApp1";
			};
			name = Release;
		};
		F4A36B1B2875E81E00EF6DE0 /* Debug */ = {
			isa = XCBuildConfiguration;
			buildSettings = {
				ALWAYS_EMBED_SWIFT_STANDARD_LIBRARIES = YES;
				CODE_SIGN_STYLE = Automatic;
				CURRENT_PROJECT_VERSION = 1;
				DEVELOPMENT_TEAM = 2779EQ3QB6;
				GENERATE_INFOPLIST_FILE = YES;
				MARKETING_VERSION = 1.0;
				PRODUCT_BUNDLE_IDENTIFIER = com.colinsmith.WeatherApp1UITests;
				PRODUCT_NAME = "$(TARGET_NAME)";
				SWIFT_EMIT_LOC_STRINGS = NO;
				SWIFT_VERSION = 5.0;
				TARGETED_DEVICE_FAMILY = "1,2";
				TEST_TARGET_NAME = WeatherApp1;
			};
			name = Debug;
		};
		F4A36B1C2875E81E00EF6DE0 /* Release */ = {
			isa = XCBuildConfiguration;
			buildSettings = {
				ALWAYS_EMBED_SWIFT_STANDARD_LIBRARIES = YES;
				CODE_SIGN_STYLE = Automatic;
				CURRENT_PROJECT_VERSION = 1;
				DEVELOPMENT_TEAM = 2779EQ3QB6;
				GENERATE_INFOPLIST_FILE = YES;
				MARKETING_VERSION = 1.0;
				PRODUCT_BUNDLE_IDENTIFIER = com.colinsmith.WeatherApp1UITests;
				PRODUCT_NAME = "$(TARGET_NAME)";
				SWIFT_EMIT_LOC_STRINGS = NO;
				SWIFT_VERSION = 5.0;
				TARGETED_DEVICE_FAMILY = "1,2";
				TEST_TARGET_NAME = WeatherApp1;
			};
			name = Release;
		};
/* End XCBuildConfiguration section */

/* Begin XCConfigurationList section */
		F4A36AEB2875E81B00EF6DE0 /* Build configuration list for PBXProject "WeatherApp1" */ = {
			isa = XCConfigurationList;
			buildConfigurations = (
				F4A36B122875E81E00EF6DE0 /* Debug */,
				F4A36B132875E81E00EF6DE0 /* Release */,
			);
			defaultConfigurationIsVisible = 0;
			defaultConfigurationName = Release;
		};
		F4A36B142875E81E00EF6DE0 /* Build configuration list for PBXNativeTarget "WeatherApp1" */ = {
			isa = XCConfigurationList;
			buildConfigurations = (
				F4A36B152875E81E00EF6DE0 /* Debug */,
				F4A36B162875E81E00EF6DE0 /* Release */,
			);
			defaultConfigurationIsVisible = 0;
			defaultConfigurationName = Release;
		};
		F4A36B172875E81E00EF6DE0 /* Build configuration list for PBXNativeTarget "WeatherApp1Tests" */ = {
			isa = XCConfigurationList;
			buildConfigurations = (
				F4A36B182875E81E00EF6DE0 /* Debug */,
				F4A36B192875E81E00EF6DE0 /* Release */,
			);
			defaultConfigurationIsVisible = 0;
			defaultConfigurationName = Release;
		};
		F4A36B1A2875E81E00EF6DE0 /* Build configuration list for PBXNativeTarget "WeatherApp1UITests" */ = {
			isa = XCConfigurationList;
			buildConfigurations = (
				F4A36B1B2875E81E00EF6DE0 /* Debug */,
				F4A36B1C2875E81E00EF6DE0 /* Release */,
			);
			defaultConfigurationIsVisible = 0;
			defaultConfigurationName = Release;
		};
/* End XCConfigurationList section */
	};
	rootObject = F4A36AE82875E81B00EF6DE0 /* Project object */;
}
